{
  "requires": true,
  "lockfileVersion": 1,
  "dependencies": {
    "@remix-run/router": {
      "version": "1.6.3",
      "resolved": "https://registry.npmjs.org/@remix-run/router/-/router-1.6.3.tgz",
      "integrity": "sha512-EXJysQ7J3veRECd0kZFQwYYd5sJMcq2O/m60zu1W2l3oVQ9xtub8jTOtYRE0+M2iomyG/W3Ps7+vp2kna0C27Q=="
    },
    "react-router": {
      "version": "6.12.1",
      "resolved": "https://registry.npmjs.org/react-router/-/react-router-6.12.1.tgz",
      "integrity": "sha512-evd/GrKJOeOypD0JB9e1r7pQh2gWCsTbUfq059Wm1AFT/K2MNZuDo19lFtAgIhlBrp0MmpgpqtvZC7LPAs7vSw==",
      "requires": {
        "@remix-run/router": "1.6.3"
      }
    },
    "react-router-dom": {
      "version": "6.12.1",
      "resolved": "https://registry.npmjs.org/react-router-dom/-/react-router-dom-6.12.1.tgz",
      "integrity": "sha512-POIZN9UDKWwEDga054LvYr2KnK8V+0HR4Ny4Bwv8V7/FZCPxJgsCjYxXGxqxzHs7VBxMKZfgvtKhafuJkJSPGA==",
      "requires": {
        "@remix-run/router": "1.6.3",
        "react-router": "6.12.1"
      }
    }
  }
}
